// !$*UTF8*$!
{
	archiveVersion = 1;
	classes = {
	};
	objectVersion = 48;
	objects = {

/* Begin PBXBuildFile section */
		840E9F491FDCDE7B0027E1E2 /* SDYBaseNavigationVC.m in Sources */ = {isa = PBXBuildFile; fileRef = 840E9F481FDCDE7B0027E1E2 /* SDYBaseNavigationVC.m */; };
		840E9F4C1FDCDE950027E1E2 /* SDYBaseVC.m in Sources */ = {isa = PBXBuildFile; fileRef = 840E9F4B1FDCDE950027E1E2 /* SDYBaseVC.m */; };
		840E9F521FDCE0260027E1E2 /* SDYHomeVC.m in Sources */ = {isa = PBXBuildFile; fileRef = 840E9F511FDCE0260027E1E2 /* SDYHomeVC.m */; };
		840E9F551FDCE0690027E1E2 /* SDYCommodityLibraryVC.m in Sources */ = {isa = PBXBuildFile; fileRef = 840E9F541FDCE0690027E1E2 /* SDYCommodityLibraryVC.m */; };
		840E9F581FDCE07B0027E1E2 /* SDYRecordVC.m in Sources */ = {isa = PBXBuildFile; fileRef = 840E9F571FDCE07B0027E1E2 /* SDYRecordVC.m */; };
		840E9F5B1FDCE08B0027E1E2 /* SDYMyOrderVC.m in Sources */ = {isa = PBXBuildFile; fileRef = 840E9F5A1FDCE08B0027E1E2 /* SDYMyOrderVC.m */; };
		840E9F5E1FDCE0A40027E1E2 /* SDYMoneyCenterVC.m in Sources */ = {isa = PBXBuildFile; fileRef = 840E9F5D1FDCE0A40027E1E2 /* SDYMoneyCenterVC.m */; };
		840E9F611FDCE0B40027E1E2 /* SDYPersonalCenterVC.m in Sources */ = {isa = PBXBuildFile; fileRef = 840E9F601FDCE0B40027E1E2 /* SDYPersonalCenterVC.m */; };
		8412E7C21FDE6777008335AA /* AppContext.m in Sources */ = {isa = PBXBuildFile; fileRef = 8412E7C11FDE6777008335AA /* AppContext.m */; };
		8412E7C71FDE698C008335AA /* TabbarViewConModel.m in Sources */ = {isa = PBXBuildFile; fileRef = 8412E7C61FDE698C008335AA /* TabbarViewConModel.m */; };
		8412E7CA1FDE998C008335AA /* UIButton+Category.m in Sources */ = {isa = PBXBuildFile; fileRef = 8412E7C91FDE998C008335AA /* UIButton+Category.m */; };
		8412E7CE1FDF567E008335AA /* SDYLoginVC.m in Sources */ = {isa = PBXBuildFile; fileRef = 8412E7CD1FDF567E008335AA /* SDYLoginVC.m */; };
		8412E7D11FDF5B09008335AA /* HelperFunction.m in Sources */ = {isa = PBXBuildFile; fileRef = 8412E7D01FDF5B09008335AA /* HelperFunction.m */; };
		8412E7D61FDF6F7D008335AA /* NetWorkServices.m in Sources */ = {isa = PBXBuildFile; fileRef = 8412E7D51FDF6F7D008335AA /* NetWorkServices.m */; };
		8412E7DC1FDFD11B008335AA /* UIImage+Category.m in Sources */ = {isa = PBXBuildFile; fileRef = 8412E7DB1FDFD11B008335AA /* UIImage+Category.m */; };
		8412E7E31FDFD500008335AA /* SDYTextField.m in Sources */ = {isa = PBXBuildFile; fileRef = 8412E7E21FDFD500008335AA /* SDYTextField.m */; };
		8412E7E61FE0B016008335AA /* UIView+Category.m in Sources */ = {isa = PBXBuildFile; fileRef = 8412E7E51FE0B016008335AA /* UIView+Category.m */; };
		8412E7E91FE0D337008335AA /* UIViewController+Category.m in Sources */ = {isa = PBXBuildFile; fileRef = 8412E7E81FE0D337008335AA /* UIViewController+Category.m */; };
		8412E7EE1FE10247008335AA /* LoginUser.m in Sources */ = {isa = PBXBuildFile; fileRef = 8412E7ED1FE10247008335AA /* LoginUser.m */; };
		8412E7F11FE1055D008335AA /* NSObject+Category.m in Sources */ = {isa = PBXBuildFile; fileRef = 8412E7F01FE1055D008335AA /* NSObject+Category.m */; };
		8412E7F91FE1F854008335AA /* ProductModle.m in Sources */ = {isa = PBXBuildFile; fileRef = 8412E7F81FE1F854008335AA /* ProductModle.m */; };
		8412E7FC1FE1FBBC008335AA /* ViewModel.m in Sources */ = {isa = PBXBuildFile; fileRef = 8412E7FB1FE1FBBC008335AA /* ViewModel.m */; };
		8412E8001FE200CD008335AA /* ProductCategoryModel.m in Sources */ = {isa = PBXBuildFile; fileRef = 8412E7FF1FE200CD008335AA /* ProductCategoryModel.m */; };
		8412E8101FE280FF008335AA /* ProductDetailModel.m in Sources */ = {isa = PBXBuildFile; fileRef = 8412E80F1FE280FF008335AA /* ProductDetailModel.m */; };
		8413D48A1FFB21BD0021D78F /* UITextField+Category.m in Sources */ = {isa = PBXBuildFile; fileRef = 8413D4891FFB21BD0021D78F /* UITextField+Category.m */; };
		8413D48E1FFDC25A0021D78F /* MyOrderAdvanceView.m in Sources */ = {isa = PBXBuildFile; fileRef = 8413D48D1FFDC25A0021D78F /* MyOrderAdvanceView.m */; };
		8413D4921FFE22560021D78F /* AccountMoneyModel.m in Sources */ = {isa = PBXBuildFile; fileRef = 8413D4911FFE22560021D78F /* AccountMoneyModel.m */; };
		8413D4971FFF15650021D78F /* SDYAccountCell.m in Sources */ = {isa = PBXBuildFile; fileRef = 8413D4951FFF15650021D78F /* SDYAccountCell.m */; };
		8413D4981FFF15650021D78F /* SDYAccountCell.xib in Resources */ = {isa = PBXBuildFile; fileRef = 8413D4961FFF15650021D78F /* SDYAccountCell.xib */; };
		842E9D5E1FE9F4B600DC4211 /* ProductOrderCartTableFootView.m in Sources */ = {isa = PBXBuildFile; fileRef = 842E9D5D1FE9F4B600DC4211 /* ProductOrderCartTableFootView.m */; };
		842E9D681FEB5C9D00DC4211 /* MyOrderOrderListModel.m in Sources */ = {isa = PBXBuildFile; fileRef = 842E9D671FEB5C9D00DC4211 /* MyOrderOrderListModel.m */; };
		842E9D6E1FEC913300DC4211 /* MyOrderListOrderCell.m in Sources */ = {isa = PBXBuildFile; fileRef = 842E9D6D1FEC913300DC4211 /* MyOrderListOrderCell.m */; };
		842E9D751FECD9EC00DC4211 /* MyOrderListOrderCell.xib in Resources */ = {isa = PBXBuildFile; fileRef = 842E9D741FECD9EC00DC4211 /* MyOrderListOrderCell.xib */; };
		842E9D811FEE3B0200DC4211 /* ProductCollectionCell.m in Sources */ = {isa = PBXBuildFile; fileRef = 842E9D7F1FEE3B0200DC4211 /* ProductCollectionCell.m */; };
		842E9D821FEE3B0200DC4211 /* ProductCollectionCell.xib in Resources */ = {isa = PBXBuildFile; fileRef = 842E9D801FEE3B0200DC4211 /* ProductCollectionCell.xib */; };
		842E9E341FF1D7EB00DC4211 /* SDYSearchProductVC.m in Sources */ = {isa = PBXBuildFile; fileRef = 842E9E331FF1D7EB00DC4211 /* SDYSearchProductVC.m */; };
		8445AE041FF7879900D03060 /* SDYProductDetailAttrivuteCell.m in Sources */ = {isa = PBXBuildFile; fileRef = 8445AE021FF7879900D03060 /* SDYProductDetailAttrivuteCell.m */; };
		8445AE081FFB050300D03060 /* SDYCommodityLibraryProductDetailView.m in Sources */ = {isa = PBXBuildFile; fileRef = 8445AE071FFB050300D03060 /* SDYCommodityLibraryProductDetailView.m */; };
		8445AE0F1FFB103500D03060 /* SDYAddSubtractNumber.m in Sources */ = {isa = PBXBuildFile; fileRef = 8445AE0E1FFB103500D03060 /* SDYAddSubtractNumber.m */; };
		845858A91FDCC9DD00ED0B98 /* AppDelegate.m in Sources */ = {isa = PBXBuildFile; fileRef = 845858A81FDCC9DD00ED0B98 /* AppDelegate.m */; };
		845858AF1FDCC9DD00ED0B98 /* Main.storyboard in Resources */ = {isa = PBXBuildFile; fileRef = 845858AD1FDCC9DD00ED0B98 /* Main.storyboard */; };
		845858B11FDCC9DD00ED0B98 /* Assets.xcassets in Resources */ = {isa = PBXBuildFile; fileRef = 845858B01FDCC9DD00ED0B98 /* Assets.xcassets */; };
		845858B41FDCC9DD00ED0B98 /* LaunchScreen.storyboard in Resources */ = {isa = PBXBuildFile; fileRef = 845858B21FDCC9DD00ED0B98 /* LaunchScreen.storyboard */; };
		845858B71FDCC9DD00ED0B98 /* main.m in Sources */ = {isa = PBXBuildFile; fileRef = 845858B61FDCC9DD00ED0B98 /* main.m */; };
		848239A21FE619EE00AF19B7 /* ProductLibraryOrderCell.m in Sources */ = {isa = PBXBuildFile; fileRef = 848239A01FE619EE00AF19B7 /* ProductLibraryOrderCell.m */; };
		848239A71FE64D1E00AF19B7 /* Function.m in Sources */ = {isa = PBXBuildFile; fileRef = 848239A61FE64D1E00AF19B7 /* Function.m */; };
		848239AB1FE7969500AF19B7 /* ProductDetailViewCollectionCell.m in Sources */ = {isa = PBXBuildFile; fileRef = 848239A91FE7969500AF19B7 /* ProductDetailViewCollectionCell.m */; };
		848239AC1FE7969500AF19B7 /* ProductDetailViewCollectionCell.xib in Resources */ = {isa = PBXBuildFile; fileRef = 848239AA1FE7969500AF19B7 /* ProductDetailViewCollectionCell.xib */; };
		848239B01FE799E700AF19B7 /* ProductDetailViewCollectionReusableView.m in Sources */ = {isa = PBXBuildFile; fileRef = 848239AE1FE799E700AF19B7 /* ProductDetailViewCollectionReusableView.m */; };
		848239B11FE799E700AF19B7 /* ProductDetailViewCollectionReusableView.xib in Resources */ = {isa = PBXBuildFile; fileRef = 848239AF1FE799E700AF19B7 /* ProductDetailViewCollectionReusableView.xib */; };
		848239B51FE894A500AF19B7 /* ProductShopCartModel.m in Sources */ = {isa = PBXBuildFile; fileRef = 848239B41FE894A500AF19B7 /* ProductShopCartModel.m */; };
		84BBD1EE1FF382B7008D57E4 /* SDYHistoryRecordCell.m in Sources */ = {isa = PBXBuildFile; fileRef = 84BBD1EC1FF382B7008D57E4 /* SDYHistoryRecordCell.m */; };
		84BBD1EF1FF382B7008D57E4 /* SDYHistoryRecordCell.xib in Resources */ = {isa = PBXBuildFile; fileRef = 84BBD1ED1FF382B7008D57E4 /* SDYHistoryRecordCell.xib */; };
		84BBD1F31FF3846A008D57E4 /* SDYCodingModel.m in Sources */ = {isa = PBXBuildFile; fileRef = 84BBD1F21FF3846A008D57E4 /* SDYCodingModel.m */; };
		84BBD1FB1FF38F17008D57E4 /* SDYHistoryRecordCollecitonHeader.m in Sources */ = {isa = PBXBuildFile; fileRef = 84BBD1FA1FF38F17008D57E4 /* SDYHistoryRecordCollecitonHeader.m */; };
		84BBD1FF1FF5CAFC008D57E4 /* SDYShopCartVC.m in Sources */ = {isa = PBXBuildFile; fileRef = 84BBD1FE1FF5CAFC008D57E4 /* SDYShopCartVC.m */; };
		84BBD2071FF62AB5008D57E4 /* SDYPersonalCell.m in Sources */ = {isa = PBXBuildFile; fileRef = 84BBD2051FF62AB5008D57E4 /* SDYPersonalCell.m */; };
		84BBD2081FF62AB5008D57E4 /* SDYPersonalCell.xib in Resources */ = {isa = PBXBuildFile; fileRef = 84BBD2061FF62AB5008D57E4 /* SDYPersonalCell.xib */; };
		84BBD20B1FF641AC008D57E4 /* PersonalFooterView.m in Sources */ = {isa = PBXBuildFile; fileRef = 84BBD20A1FF641AC008D57E4 /* PersonalFooterView.m */; };
		84BBD2111FF73857008D57E4 /* SDYCommodityLibraryOrderHeader.m in Sources */ = {isa = PBXBuildFile; fileRef = 84BBD2101FF73857008D57E4 /* SDYCommodityLibraryOrderHeader.m */; };
		84DB2AC91FDD234C00D1F375 /* UIColor+Category.m in Sources */ = {isa = PBXBuildFile; fileRef = 84DB2AC81FDD234C00D1F375 /* UIColor+Category.m */; };
		84DB2ACC1FDD28DB00D1F375 /* SDYTitleView.m in Sources */ = {isa = PBXBuildFile; fileRef = 84DB2ACB1FDD28DB00D1F375 /* SDYTitleView.m */; };
		84DB2ACF1FDD2A3A00D1F375 /* UILabel+Category.m in Sources */ = {isa = PBXBuildFile; fileRef = 84DB2ACE1FDD2A3A00D1F375 /* UILabel+Category.m */; };
		A41333B523B23ABD646F2F63 /* libPods-SDYHotel.a in Frameworks */ = {isa = PBXBuildFile; fileRef = E2965C01237363012CB247C0 /* libPods-SDYHotel.a */; };
/* End PBXBuildFile section */

/* Begin PBXFileReference section */
		840E9F3F1FDCD8990027E1E2 /* PrefixHeader.pch */ = {isa = PBXFileReference; lastKnownFileType = sourcecode.c.h; path = PrefixHeader.pch; sourceTree = "<group>"; };
		840E9F471FDCDE7B0027E1E2 /* SDYBaseNavigationVC.h */ = {isa = PBXFileReference; lastKnownFileType = sourcecode.c.h; path = SDYBaseNavigationVC.h; sourceTree = "<group>"; };
		840E9F481FDCDE7B0027E1E2 /* SDYBaseNavigationVC.m */ = {isa = PBXFileReference; lastKnownFileType = sourcecode.c.objc; path = SDYBaseNavigationVC.m; sourceTree = "<group>"; };
		840E9F4A1FDCDE950027E1E2 /* SDYBaseVC.h */ = {isa = PBXFileReference; lastKnownFileType = sourcecode.c.h; path = SDYBaseVC.h; sourceTree = "<group>"; };
		840E9F4B1FDCDE950027E1E2 /* SDYBaseVC.m */ = {isa = PBXFileReference; lastKnownFileType = sourcecode.c.objc; path = SDYBaseVC.m; sourceTree = "<group>"; };
		840E9F501FDCE0260027E1E2 /* SDYHomeVC.h */ = {isa = PBXFileReference; lastKnownFileType = sourcecode.c.h; path = SDYHomeVC.h; sourceTree = "<group>"; };
		840E9F511FDCE0260027E1E2 /* SDYHomeVC.m */ = {isa = PBXFileReference; lastKnownFileType = sourcecode.c.objc; path = SDYHomeVC.m; sourceTree = "<group>"; };
		840E9F531FDCE0690027E1E2 /* SDYCommodityLibraryVC.h */ = {isa = PBXFileReference; lastKnownFileType = sourcecode.c.h; path = SDYCommodityLibraryVC.h; sourceTree = "<group>"; };
		840E9F541FDCE0690027E1E2 /* SDYCommodityLibraryVC.m */ = {isa = PBXFileReference; lastKnownFileType = sourcecode.c.objc; path = SDYCommodityLibraryVC.m; sourceTree = "<group>"; };
		840E9F561FDCE07B0027E1E2 /* SDYRecordVC.h */ = {isa = PBXFileReference; lastKnownFileType = sourcecode.c.h; path = SDYRecordVC.h; sourceTree = "<group>"; };
		840E9F571FDCE07B0027E1E2 /* SDYRecordVC.m */ = {isa = PBXFileReference; lastKnownFileType = sourcecode.c.objc; path = SDYRecordVC.m; sourceTree = "<group>"; };
		840E9F591FDCE08B0027E1E2 /* SDYMyOrderVC.h */ = {isa = PBXFileReference; lastKnownFileType = sourcecode.c.h; path = SDYMyOrderVC.h; sourceTree = "<group>"; };
		840E9F5A1FDCE08B0027E1E2 /* SDYMyOrderVC.m */ = {isa = PBXFileReference; lastKnownFileType = sourcecode.c.objc; path = SDYMyOrderVC.m; sourceTree = "<group>"; };
		840E9F5C1FDCE0A40027E1E2 /* SDYMoneyCenterVC.h */ = {isa = PBXFileReference; lastKnownFileType = sourcecode.c.h; path = SDYMoneyCenterVC.h; sourceTree = "<group>"; };
		840E9F5D1FDCE0A40027E1E2 /* SDYMoneyCenterVC.m */ = {isa = PBXFileReference; lastKnownFileType = sourcecode.c.objc; path = SDYMoneyCenterVC.m; sourceTree = "<group>"; wrapsLines = 1; };
		840E9F5F1FDCE0B40027E1E2 /* SDYPersonalCenterVC.h */ = {isa = PBXFileReference; lastKnownFileType = sourcecode.c.h; path = SDYPersonalCenterVC.h; sourceTree = "<group>"; };
		840E9F601FDCE0B40027E1E2 /* SDYPersonalCenterVC.m */ = {isa = PBXFileReference; lastKnownFileType = sourcecode.c.objc; path = SDYPersonalCenterVC.m; sourceTree = "<group>"; wrapsLines = 1; };
		8412E7C01FDE6777008335AA /* AppContext.h */ = {isa = PBXFileReference; lastKnownFileType = sourcecode.c.h; path = AppContext.h; sourceTree = "<group>"; };
		8412E7C11FDE6777008335AA /* AppContext.m */ = {isa = PBXFileReference; lastKnownFileType = sourcecode.c.objc; path = AppContext.m; sourceTree = "<group>"; };
		8412E7C51FDE698C008335AA /* TabbarViewConModel.h */ = {isa = PBXFileReference; lastKnownFileType = sourcecode.c.h; path = TabbarViewConModel.h; sourceTree = "<group>"; };
		8412E7C61FDE698C008335AA /* TabbarViewConModel.m */ = {isa = PBXFileReference; lastKnownFileType = sourcecode.c.objc; path = TabbarViewConModel.m; sourceTree = "<group>"; };
		8412E7C81FDE998C008335AA /* UIButton+Category.h */ = {isa = PBXFileReference; lastKnownFileType = sourcecode.c.h; path = "UIButton+Category.h"; sourceTree = "<group>"; };
		8412E7C91FDE998C008335AA /* UIButton+Category.m */ = {isa = PBXFileReference; lastKnownFileType = sourcecode.c.objc; path = "UIButton+Category.m"; sourceTree = "<group>"; };
		8412E7CC1FDF567E008335AA /* SDYLoginVC.h */ = {isa = PBXFileReference; lastKnownFileType = sourcecode.c.h; path = SDYLoginVC.h; sourceTree = "<group>"; };
		8412E7CD1FDF567E008335AA /* SDYLoginVC.m */ = {isa = PBXFileReference; lastKnownFileType = sourcecode.c.objc; path = SDYLoginVC.m; sourceTree = "<group>"; };
		8412E7CF1FDF5AE7008335AA /* HelperFunction.h */ = {isa = PBXFileReference; lastKnownFileType = sourcecode.c.h; path = HelperFunction.h; sourceTree = "<group>"; };
		8412E7D01FDF5B09008335AA /* HelperFunction.m */ = {isa = PBXFileReference; lastKnownFileType = sourcecode.c.objc; path = HelperFunction.m; sourceTree = "<group>"; };
		8412E7D41FDF6F7D008335AA /* NetWorkServices.h */ = {isa = PBXFileReference; lastKnownFileType = sourcecode.c.h; path = NetWorkServices.h; sourceTree = "<group>"; };
		8412E7D51FDF6F7D008335AA /* NetWorkServices.m */ = {isa = PBXFileReference; lastKnownFileType = sourcecode.c.objc; path = NetWorkServices.m; sourceTree = "<group>"; };
		8412E7D71FDF7617008335AA /* ConfigurationDefines.h */ = {isa = PBXFileReference; lastKnownFileType = sourcecode.c.h; path = ConfigurationDefines.h; sourceTree = "<group>"; };
		8412E7D91FDFC0CA008335AA /* UrlParametersKey.h */ = {isa = PBXFileReference; lastKnownFileType = sourcecode.c.h; path = UrlParametersKey.h; sourceTree = "<group>"; };
		8412E7DA1FDFD11B008335AA /* UIImage+Category.h */ = {isa = PBXFileReference; lastKnownFileType = sourcecode.c.h; path = "UIImage+Category.h"; sourceTree = "<group>"; };
		8412E7DB1FDFD11B008335AA /* UIImage+Category.m */ = {isa = PBXFileReference; lastKnownFileType = sourcecode.c.objc; path = "UIImage+Category.m"; sourceTree = "<group>"; };
		8412E7E11FDFD500008335AA /* SDYTextField.h */ = {isa = PBXFileReference; lastKnownFileType = sourcecode.c.h; path = SDYTextField.h; sourceTree = "<group>"; };
		8412E7E21FDFD500008335AA /* SDYTextField.m */ = {isa = PBXFileReference; lastKnownFileType = sourcecode.c.objc; path = SDYTextField.m; sourceTree = "<group>"; };
		8412E7E41FE0B016008335AA /* UIView+Category.h */ = {isa = PBXFileReference; lastKnownFileType = sourcecode.c.h; path = "UIView+Category.h"; sourceTree = "<group>"; };
		8412E7E51FE0B016008335AA /* UIView+Category.m */ = {isa = PBXFileReference; lastKnownFileType = sourcecode.c.objc; path = "UIView+Category.m"; sourceTree = "<group>"; };
		8412E7E71FE0D337008335AA /* UIViewController+Category.h */ = {isa = PBXFileReference; lastKnownFileType = sourcecode.c.h; path = "UIViewController+Category.h"; sourceTree = "<group>"; };
		8412E7E81FE0D337008335AA /* UIViewController+Category.m */ = {isa = PBXFileReference; lastKnownFileType = sourcecode.c.objc; path = "UIViewController+Category.m"; sourceTree = "<group>"; };
		8412E7EC1FE10247008335AA /* LoginUser.h */ = {isa = PBXFileReference; lastKnownFileType = sourcecode.c.h; path = LoginUser.h; sourceTree = "<group>"; };
		8412E7ED1FE10247008335AA /* LoginUser.m */ = {isa = PBXFileReference; lastKnownFileType = sourcecode.c.objc; path = LoginUser.m; sourceTree = "<group>"; };
		8412E7EF1FE1055D008335AA /* NSObject+Category.h */ = {isa = PBXFileReference; lastKnownFileType = sourcecode.c.h; path = "NSObject+Category.h"; sourceTree = "<group>"; };
		8412E7F01FE1055D008335AA /* NSObject+Category.m */ = {isa = PBXFileReference; lastKnownFileType = sourcecode.c.objc; path = "NSObject+Category.m"; sourceTree = "<group>"; };
		8412E7F71FE1F854008335AA /* ProductModle.h */ = {isa = PBXFileReference; lastKnownFileType = sourcecode.c.h; path = ProductModle.h; sourceTree = "<group>"; };
		8412E7F81FE1F854008335AA /* ProductModle.m */ = {isa = PBXFileReference; lastKnownFileType = sourcecode.c.objc; path = ProductModle.m; sourceTree = "<group>"; };
		8412E7FA1FE1FBBC008335AA /* ViewModel.h */ = {isa = PBXFileReference; lastKnownFileType = sourcecode.c.h; path = ViewModel.h; sourceTree = "<group>"; };
		8412E7FB1FE1FBBC008335AA /* ViewModel.m */ = {isa = PBXFileReference; lastKnownFileType = sourcecode.c.objc; path = ViewModel.m; sourceTree = "<group>"; };
		8412E7FE1FE200CD008335AA /* ProductCategoryModel.h */ = {isa = PBXFileReference; lastKnownFileType = sourcecode.c.h; path = ProductCategoryModel.h; sourceTree = "<group>"; };
		8412E7FF1FE200CD008335AA /* ProductCategoryModel.m */ = {isa = PBXFileReference; lastKnownFileType = sourcecode.c.objc; path = ProductCategoryModel.m; sourceTree = "<group>"; };
		8412E80E1FE280FF008335AA /* ProductDetailModel.h */ = {isa = PBXFileReference; lastKnownFileType = sourcecode.c.h; path = ProductDetailModel.h; sourceTree = "<group>"; };
		8412E80F1FE280FF008335AA /* ProductDetailModel.m */ = {isa = PBXFileReference; lastKnownFileType = sourcecode.c.objc; path = ProductDetailModel.m; sourceTree = "<group>"; };
		8413D4881FFB21BD0021D78F /* UITextField+Category.h */ = {isa = PBXFileReference; lastKnownFileType = sourcecode.c.h; path = "UITextField+Category.h"; sourceTree = "<group>"; };
		8413D4891FFB21BD0021D78F /* UITextField+Category.m */ = {isa = PBXFileReference; lastKnownFileType = sourcecode.c.objc; path = "UITextField+Category.m"; sourceTree = "<group>"; };
		8413D48C1FFDC25A0021D78F /* MyOrderAdvanceView.h */ = {isa = PBXFileReference; lastKnownFileType = sourcecode.c.h; path = MyOrderAdvanceView.h; sourceTree = "<group>"; };
		8413D48D1FFDC25A0021D78F /* MyOrderAdvanceView.m */ = {isa = PBXFileReference; lastKnownFileType = sourcecode.c.objc; path = MyOrderAdvanceView.m; sourceTree = "<group>"; };
		8413D4901FFE22560021D78F /* AccountMoneyModel.h */ = {isa = PBXFileReference; lastKnownFileType = sourcecode.c.h; path = AccountMoneyModel.h; sourceTree = "<group>"; };
		8413D4911FFE22560021D78F /* AccountMoneyModel.m */ = {isa = PBXFileReference; lastKnownFileType = sourcecode.c.objc; path = AccountMoneyModel.m; sourceTree = "<group>"; };
		8413D4941FFF15650021D78F /* SDYAccountCell.h */ = {isa = PBXFileReference; lastKnownFileType = sourcecode.c.h; path = SDYAccountCell.h; sourceTree = "<group>"; };
		8413D4951FFF15650021D78F /* SDYAccountCell.m */ = {isa = PBXFileReference; lastKnownFileType = sourcecode.c.objc; path = SDYAccountCell.m; sourceTree = "<group>"; };
		8413D4961FFF15650021D78F /* SDYAccountCell.xib */ = {isa = PBXFileReference; lastKnownFileType = file.xib; path = SDYAccountCell.xib; sourceTree = "<group>"; };
		842E9D5C1FE9F4B600DC4211 /* ProductOrderCartTableFootView.h */ = {isa = PBXFileReference; lastKnownFileType = sourcecode.c.h; path = ProductOrderCartTableFootView.h; sourceTree = "<group>"; };
		842E9D5D1FE9F4B600DC4211 /* ProductOrderCartTableFootView.m */ = {isa = PBXFileReference; lastKnownFileType = sourcecode.c.objc; path = ProductOrderCartTableFootView.m; sourceTree = "<group>"; };
		842E9D661FEB5C9D00DC4211 /* MyOrderOrderListModel.h */ = {isa = PBXFileReference; lastKnownFileType = sourcecode.c.h; path = MyOrderOrderListModel.h; sourceTree = "<group>"; };
		842E9D671FEB5C9D00DC4211 /* MyOrderOrderListModel.m */ = {isa = PBXFileReference; lastKnownFileType = sourcecode.c.objc; path = MyOrderOrderListModel.m; sourceTree = "<group>"; };
		842E9D6C1FEC913300DC4211 /* MyOrderListOrderCell.h */ = {isa = PBXFileReference; lastKnownFileType = sourcecode.c.h; path = MyOrderListOrderCell.h; sourceTree = "<group>"; };
		842E9D6D1FEC913300DC4211 /* MyOrderListOrderCell.m */ = {isa = PBXFileReference; lastKnownFileType = sourcecode.c.objc; path = MyOrderListOrderCell.m; sourceTree = "<group>"; };
		842E9D741FECD9EC00DC4211 /* MyOrderListOrderCell.xib */ = {isa = PBXFileReference; lastKnownFileType = file.xib; path = MyOrderListOrderCell.xib; sourceTree = "<group>"; };
		842E9D7E1FEE3B0200DC4211 /* ProductCollectionCell.h */ = {isa = PBXFileReference; lastKnownFileType = sourcecode.c.h; path = ProductCollectionCell.h; sourceTree = "<group>"; };
		842E9D7F1FEE3B0200DC4211 /* ProductCollectionCell.m */ = {isa = PBXFileReference; lastKnownFileType = sourcecode.c.objc; path = ProductCollectionCell.m; sourceTree = "<group>"; };
		842E9D801FEE3B0200DC4211 /* ProductCollectionCell.xib */ = {isa = PBXFileReference; lastKnownFileType = file.xib; path = ProductCollectionCell.xib; sourceTree = "<group>"; };
		842E9E321FF1D7EB00DC4211 /* SDYSearchProductVC.h */ = {isa = PBXFileReference; lastKnownFileType = sourcecode.c.h; path = SDYSearchProductVC.h; sourceTree = "<group>"; };
		842E9E331FF1D7EB00DC4211 /* SDYSearchProductVC.m */ = {isa = PBXFileReference; lastKnownFileType = sourcecode.c.objc; path = SDYSearchProductVC.m; sourceTree = "<group>"; };
		8445AE011FF7879900D03060 /* SDYProductDetailAttrivuteCell.h */ = {isa = PBXFileReference; lastKnownFileType = sourcecode.c.h; path = SDYProductDetailAttrivuteCell.h; sourceTree = "<group>"; };
		8445AE021FF7879900D03060 /* SDYProductDetailAttrivuteCell.m */ = {isa = PBXFileReference; lastKnownFileType = sourcecode.c.objc; path = SDYProductDetailAttrivuteCell.m; sourceTree = "<group>"; };
		8445AE061FFB050300D03060 /* SDYCommodityLibraryProductDetailView.h */ = {isa = PBXFileReference; lastKnownFileType = sourcecode.c.h; path = SDYCommodityLibraryProductDetailView.h; sourceTree = "<group>"; };
		8445AE071FFB050300D03060 /* SDYCommodityLibraryProductDetailView.m */ = {isa = PBXFileReference; lastKnownFileType = sourcecode.c.objc; path = SDYCommodityLibraryProductDetailView.m; sourceTree = "<group>"; };
		8445AE0D1FFB103500D03060 /* SDYAddSubtractNumber.h */ = {isa = PBXFileReference; lastKnownFileType = sourcecode.c.h; path = SDYAddSubtractNumber.h; sourceTree = "<group>"; };
		8445AE0E1FFB103500D03060 /* SDYAddSubtractNumber.m */ = {isa = PBXFileReference; lastKnownFileType = sourcecode.c.objc; path = SDYAddSubtractNumber.m; sourceTree = "<group>"; };
		845858A41FDCC9DD00ED0B98 /* SDYHotel.app */ = {isa = PBXFileReference; explicitFileType = wrapper.application; includeInIndex = 0; path = SDYHotel.app; sourceTree = BUILT_PRODUCTS_DIR; };
		845858A71FDCC9DD00ED0B98 /* AppDelegate.h */ = {isa = PBXFileReference; lastKnownFileType = sourcecode.c.h; path = AppDelegate.h; sourceTree = "<group>"; };
		845858A81FDCC9DD00ED0B98 /* AppDelegate.m */ = {isa = PBXFileReference; lastKnownFileType = sourcecode.c.objc; path = AppDelegate.m; sourceTree = "<group>"; };
		845858AE1FDCC9DD00ED0B98 /* Base */ = {isa = PBXFileReference; lastKnownFileType = file.storyboard; name = Base; path = Base.lproj/Main.storyboard; sourceTree = "<group>"; };
		845858B01FDCC9DD00ED0B98 /* Assets.xcassets */ = {isa = PBXFileReference; lastKnownFileType = folder.assetcatalog; path = Assets.xcassets; sourceTree = "<group>"; };
		845858B31FDCC9DD00ED0B98 /* Base */ = {isa = PBXFileReference; lastKnownFileType = file.storyboard; name = Base; path = Base.lproj/LaunchScreen.storyboard; sourceTree = "<group>"; };
		845858B51FDCC9DD00ED0B98 /* Info.plist */ = {isa = PBXFileReference; lastKnownFileType = text.plist.xml; path = Info.plist; sourceTree = "<group>"; };
		845858B61FDCC9DD00ED0B98 /* main.m */ = {isa = PBXFileReference; lastKnownFileType = sourcecode.c.objc; path = main.m; sourceTree = "<group>"; };
		8482399F1FE619EE00AF19B7 /* ProductLibraryOrderCell.h */ = {isa = PBXFileReference; lastKnownFileType = sourcecode.c.h; path = ProductLibraryOrderCell.h; sourceTree = "<group>"; };
		848239A01FE619EE00AF19B7 /* ProductLibraryOrderCell.m */ = {isa = PBXFileReference; lastKnownFileType = sourcecode.c.objc; path = ProductLibraryOrderCell.m; sourceTree = "<group>"; };
		848239A51FE64D1E00AF19B7 /* Function.h */ = {isa = PBXFileReference; fileEncoding = 4; lastKnownFileType = sourcecode.c.h; path = Function.h; sourceTree = "<group>"; };
		848239A61FE64D1E00AF19B7 /* Function.m */ = {isa = PBXFileReference; fileEncoding = 4; lastKnownFileType = sourcecode.c.objc; path = Function.m; sourceTree = "<group>"; };
		848239A81FE7969500AF19B7 /* ProductDetailViewCollectionCell.h */ = {isa = PBXFileReference; lastKnownFileType = sourcecode.c.h; path = ProductDetailViewCollectionCell.h; sourceTree = "<group>"; };
		848239A91FE7969500AF19B7 /* ProductDetailViewCollectionCell.m */ = {isa = PBXFileReference; lastKnownFileType = sourcecode.c.objc; path = ProductDetailViewCollectionCell.m; sourceTree = "<group>"; };
		848239AA1FE7969500AF19B7 /* ProductDetailViewCollectionCell.xib */ = {isa = PBXFileReference; lastKnownFileType = file.xib; path = ProductDetailViewCollectionCell.xib; sourceTree = "<group>"; };
		848239AD1FE799E700AF19B7 /* ProductDetailViewCollectionReusableView.h */ = {isa = PBXFileReference; lastKnownFileType = sourcecode.c.h; path = ProductDetailViewCollectionReusableView.h; sourceTree = "<group>"; };
		848239AE1FE799E700AF19B7 /* ProductDetailViewCollectionReusableView.m */ = {isa = PBXFileReference; lastKnownFileType = sourcecode.c.objc; path = ProductDetailViewCollectionReusableView.m; sourceTree = "<group>"; };
		848239AF1FE799E700AF19B7 /* ProductDetailViewCollectionReusableView.xib */ = {isa = PBXFileReference; lastKnownFileType = file.xib; path = ProductDetailViewCollectionReusableView.xib; sourceTree = "<group>"; };
		848239B31FE894A500AF19B7 /* ProductShopCartModel.h */ = {isa = PBXFileReference; lastKnownFileType = sourcecode.c.h; path = ProductShopCartModel.h; sourceTree = "<group>"; };
		848239B41FE894A500AF19B7 /* ProductShopCartModel.m */ = {isa = PBXFileReference; lastKnownFileType = sourcecode.c.objc; path = ProductShopCartModel.m; sourceTree = "<group>"; };
		84BBD1EB1FF382B7008D57E4 /* SDYHistoryRecordCell.h */ = {isa = PBXFileReference; lastKnownFileType = sourcecode.c.h; path = SDYHistoryRecordCell.h; sourceTree = "<group>"; };
		84BBD1EC1FF382B7008D57E4 /* SDYHistoryRecordCell.m */ = {isa = PBXFileReference; lastKnownFileType = sourcecode.c.objc; path = SDYHistoryRecordCell.m; sourceTree = "<group>"; };
		84BBD1ED1FF382B7008D57E4 /* SDYHistoryRecordCell.xib */ = {isa = PBXFileReference; lastKnownFileType = file.xib; path = SDYHistoryRecordCell.xib; sourceTree = "<group>"; };
		84BBD1F11FF3846A008D57E4 /* SDYCodingModel.h */ = {isa = PBXFileReference; lastKnownFileType = sourcecode.c.h; path = SDYCodingModel.h; sourceTree = "<group>"; };
		84BBD1F21FF3846A008D57E4 /* SDYCodingModel.m */ = {isa = PBXFileReference; lastKnownFileType = sourcecode.c.objc; path = SDYCodingModel.m; sourceTree = "<group>"; };
		84BBD1F41FF388A0008D57E4 /* NSUserDefaultKey.h */ = {isa = PBXFileReference; lastKnownFileType = sourcecode.c.h; path = NSUserDefaultKey.h; sourceTree = "<group>"; };
		84BBD1F91FF38F17008D57E4 /* SDYHistoryRecordCollecitonHeader.h */ = {isa = PBXFileReference; lastKnownFileType = sourcecode.c.h; path = SDYHistoryRecordCollecitonHeader.h; sourceTree = "<group>"; };
		84BBD1FA1FF38F17008D57E4 /* SDYHistoryRecordCollecitonHeader.m */ = {isa = PBXFileReference; lastKnownFileType = sourcecode.c.objc; path = SDYHistoryRecordCollecitonHeader.m; sourceTree = "<group>"; };
		84BBD1FD1FF5CAFC008D57E4 /* SDYShopCartVC.h */ = {isa = PBXFileReference; lastKnownFileType = sourcecode.c.h; path = SDYShopCartVC.h; sourceTree = "<group>"; };
		84BBD1FE1FF5CAFC008D57E4 /* SDYShopCartVC.m */ = {isa = PBXFileReference; lastKnownFileType = sourcecode.c.objc; path = SDYShopCartVC.m; sourceTree = "<group>"; };
		84BBD2041FF62AB5008D57E4 /* SDYPersonalCell.h */ = {isa = PBXFileReference; lastKnownFileType = sourcecode.c.h; path = SDYPersonalCell.h; sourceTree = "<group>"; };
		84BBD2051FF62AB5008D57E4 /* SDYPersonalCell.m */ = {isa = PBXFileReference; lastKnownFileType = sourcecode.c.objc; path = SDYPersonalCell.m; sourceTree = "<group>"; };
		84BBD2061FF62AB5008D57E4 /* SDYPersonalCell.xib */ = {isa = PBXFileReference; lastKnownFileType = file.xib; path = SDYPersonalCell.xib; sourceTree = "<group>"; };
		84BBD2091FF641AC008D57E4 /* PersonalFooterView.h */ = {isa = PBXFileReference; lastKnownFileType = sourcecode.c.h; path = PersonalFooterView.h; sourceTree = "<group>"; };
		84BBD20A1FF641AC008D57E4 /* PersonalFooterView.m */ = {isa = PBXFileReference; lastKnownFileType = sourcecode.c.objc; path = PersonalFooterView.m; sourceTree = "<group>"; };
		84BBD20F1FF73857008D57E4 /* SDYCommodityLibraryOrderHeader.h */ = {isa = PBXFileReference; lastKnownFileType = sourcecode.c.h; path = SDYCommodityLibraryOrderHeader.h; sourceTree = "<group>"; };
		84BBD2101FF73857008D57E4 /* SDYCommodityLibraryOrderHeader.m */ = {isa = PBXFileReference; lastKnownFileType = sourcecode.c.objc; path = SDYCommodityLibraryOrderHeader.m; sourceTree = "<group>"; };
		84DB2AC71FDD234C00D1F375 /* UIColor+Category.h */ = {isa = PBXFileReference; lastKnownFileType = sourcecode.c.h; path = "UIColor+Category.h"; sourceTree = "<group>"; };
		84DB2AC81FDD234C00D1F375 /* UIColor+Category.m */ = {isa = PBXFileReference; lastKnownFileType = sourcecode.c.objc; path = "UIColor+Category.m"; sourceTree = "<group>"; };
		84DB2ACA1FDD28DB00D1F375 /* SDYTitleView.h */ = {isa = PBXFileReference; lastKnownFileType = sourcecode.c.h; path = SDYTitleView.h; sourceTree = "<group>"; };
		84DB2ACB1FDD28DB00D1F375 /* SDYTitleView.m */ = {isa = PBXFileReference; lastKnownFileType = sourcecode.c.objc; path = SDYTitleView.m; sourceTree = "<group>"; };
		84DB2ACD1FDD2A3A00D1F375 /* UILabel+Category.h */ = {isa = PBXFileReference; lastKnownFileType = sourcecode.c.h; path = "UILabel+Category.h"; sourceTree = "<group>"; };
		84DB2ACE1FDD2A3A00D1F375 /* UILabel+Category.m */ = {isa = PBXFileReference; lastKnownFileType = sourcecode.c.objc; path = "UILabel+Category.m"; sourceTree = "<group>"; };
		84DB2AD31FDD36FF00D1F375 /* HeaderDefines.h */ = {isa = PBXFileReference; lastKnownFileType = sourcecode.c.h; path = HeaderDefines.h; sourceTree = "<group>"; };
		84DB2AF61FDE2CC200D1F375 /* FunctionDefines.h */ = {isa = PBXFileReference; lastKnownFileType = sourcecode.c.h; path = FunctionDefines.h; sourceTree = "<group>"; };
		84DB2AF71FDE2D1800D1F375 /* NotificationNameDefines.h */ = {isa = PBXFileReference; lastKnownFileType = sourcecode.c.h; path = NotificationNameDefines.h; sourceTree = "<group>"; };
		8799F72FEB42FA8B14EF0486 /* Pods-SDYHotel.release.xcconfig */ = {isa = PBXFileReference; includeInIndex = 1; lastKnownFileType = text.xcconfig; name = "Pods-SDYHotel.release.xcconfig"; path = "Pods/Target Support Files/Pods-SDYHotel/Pods-SDYHotel.release.xcconfig"; sourceTree = "<group>"; };
		D53FC383B6D68FC78F7BC334 /* Pods-SDYHotel.debug.xcconfig */ = {isa = PBXFileReference; includeInIndex = 1; lastKnownFileType = text.xcconfig; name = "Pods-SDYHotel.debug.xcconfig"; path = "Pods/Target Support Files/Pods-SDYHotel/Pods-SDYHotel.debug.xcconfig"; sourceTree = "<group>"; };
		E2965C01237363012CB247C0 /* libPods-SDYHotel.a */ = {isa = PBXFileReference; explicitFileType = archive.ar; includeInIndex = 0; path = "libPods-SDYHotel.a"; sourceTree = BUILT_PRODUCTS_DIR; };
/* End PBXFileReference section */

/* Begin PBXFrameworksBuildPhase section */
		845858A11FDCC9DD00ED0B98 /* Frameworks */ = {
			isa = PBXFrameworksBuildPhase;
			buildActionMask = 2147483647;
			files = (
				A41333B523B23ABD646F2F63 /* libPods-SDYHotel.a in Frameworks */,
			);
			runOnlyForDeploymentPostprocessing = 0;
		};
/* End PBXFrameworksBuildPhase section */

/* Begin PBXGroup section */
		450D718E84760CC896821796 /* Pods */ = {
			isa = PBXGroup;
			children = (
				D53FC383B6D68FC78F7BC334 /* Pods-SDYHotel.debug.xcconfig */,
				8799F72FEB42FA8B14EF0486 /* Pods-SDYHotel.release.xcconfig */,
			);
			name = Pods;
			sourceTree = "<group>";
		};
		6FE000BCF8E72FEE02E6AEC0 /* Frameworks */ = {
			isa = PBXGroup;
			children = (
				E2965C01237363012CB247C0 /* libPods-SDYHotel.a */,
			);
			name = Frameworks;
			sourceTree = "<group>";
		};
		840E9F401FDCDC0A0027E1E2 /* Base */ = {
			isa = PBXGroup;
			children = (
				840E9F471FDCDE7B0027E1E2 /* SDYBaseNavigationVC.h */,
				840E9F481FDCDE7B0027E1E2 /* SDYBaseNavigationVC.m */,
				840E9F4A1FDCDE950027E1E2 /* SDYBaseVC.h */,
				840E9F4B1FDCDE950027E1E2 /* SDYBaseVC.m */,
			);
			path = Base;
			sourceTree = "<group>";
		};
		840E9F411FDCDC3C0027E1E2 /* Home */ = {
			isa = PBXGroup;
			children = (
				840E9F501FDCE0260027E1E2 /* SDYHomeVC.h */,
				840E9F511FDCE0260027E1E2 /* SDYHomeVC.m */,
			);
			path = Home;
			sourceTree = "<group>";
		};
		840E9F421FDCDD200027E1E2 /* Commodity Library */ = {
			isa = PBXGroup;
			children = (
				840E9F531FDCE0690027E1E2 /* SDYCommodityLibraryVC.h */,
				840E9F541FDCE0690027E1E2 /* SDYCommodityLibraryVC.m */,
				842E9E321FF1D7EB00DC4211 /* SDYSearchProductVC.h */,
				842E9E331FF1D7EB00DC4211 /* SDYSearchProductVC.m */,
			);
			path = "Commodity Library";
			sourceTree = "<group>";
		};
		840E9F431FDCDD300027E1E2 /* Record */ = {
			isa = PBXGroup;
			children = (
				840E9F561FDCE07B0027E1E2 /* SDYRecordVC.h */,
				840E9F571FDCE07B0027E1E2 /* SDYRecordVC.m */,
			);
			path = Record;
			sourceTree = "<group>";
		};
		840E9F441FDCDD790027E1E2 /* My Order */ = {
			isa = PBXGroup;
			children = (
				840E9F591FDCE08B0027E1E2 /* SDYMyOrderVC.h */,
				840E9F5A1FDCE08B0027E1E2 /* SDYMyOrderVC.m */,
			);
			path = "My Order";
			sourceTree = "<group>";
		};
		840E9F451FDCDDA70027E1E2 /* Money Center */ = {
			isa = PBXGroup;
			children = (
				840E9F5C1FDCE0A40027E1E2 /* SDYMoneyCenterVC.h */,
				840E9F5D1FDCE0A40027E1E2 /* SDYMoneyCenterVC.m */,
			);
			path = "Money Center";
			sourceTree = "<group>";
		};
		840E9F461FDCDDEE0027E1E2 /* Personal Center */ = {
			isa = PBXGroup;
			children = (
				840E9F5F1FDCE0B40027E1E2 /* SDYPersonalCenterVC.h */,
				840E9F601FDCE0B40027E1E2 /* SDYPersonalCenterVC.m */,
			);
			path = "Personal Center";
			sourceTree = "<group>";
		};
		840E9F651FDD086C0027E1E2 /* Categorys */ = {
			isa = PBXGroup;
			children = (
				84DB2AC71FDD234C00D1F375 /* UIColor+Category.h */,
				84DB2AC81FDD234C00D1F375 /* UIColor+Category.m */,
				84DB2ACD1FDD2A3A00D1F375 /* UILabel+Category.h */,
				84DB2ACE1FDD2A3A00D1F375 /* UILabel+Category.m */,
				8412E7C81FDE998C008335AA /* UIButton+Category.h */,
				8412E7C91FDE998C008335AA /* UIButton+Category.m */,
				8412E7DA1FDFD11B008335AA /* UIImage+Category.h */,
				8412E7DB1FDFD11B008335AA /* UIImage+Category.m */,
				8412E7E41FE0B016008335AA /* UIView+Category.h */,
				8412E7E51FE0B016008335AA /* UIView+Category.m */,
				8412E7E71FE0D337008335AA /* UIViewController+Category.h */,
				8412E7E81FE0D337008335AA /* UIViewController+Category.m */,
				8412E7EF1FE1055D008335AA /* NSObject+Category.h */,
				8412E7F01FE1055D008335AA /* NSObject+Category.m */,
				8413D4881FFB21BD0021D78F /* UITextField+Category.h */,
				8413D4891FFB21BD0021D78F /* UITextField+Category.m */,
			);
			path = Categorys;
			sourceTree = "<group>";
		};
		840E9F661FDD0A590027E1E2 /* Classes */ = {
			isa = PBXGroup;
			children = (
				84DB2AC31FDD0AB200D1F375 /* ViewModel */,
				845858C01FDCCB1300ED0B98 /* Models */,
				845858C11FDCCB1B00ED0B98 /* Views */,
				845858C21FDCCB2100ED0B98 /* Controllers */,
			);
			path = Classes;
			sourceTree = "<group>";
		};
		8412E7C41FDE697A008335AA /* TabbarViewConModel */ = {
			isa = PBXGroup;
			children = (
				8412E7C51FDE698C008335AA /* TabbarViewConModel.h */,
				8412E7C61FDE698C008335AA /* TabbarViewConModel.m */,
			);
			path = TabbarViewConModel;
			sourceTree = "<group>";
		};
		8412E7CB1FDF5657008335AA /* Login */ = {
			isa = PBXGroup;
			children = (
				8412E7CC1FDF567E008335AA /* SDYLoginVC.h */,
				8412E7CD1FDF567E008335AA /* SDYLoginVC.m */,
			);
			path = Login;
			sourceTree = "<group>";
		};
		8412E7D31FDF6F4A008335AA /* NetWork */ = {
			isa = PBXGroup;
			children = (
				8412E7D41FDF6F7D008335AA /* NetWorkServices.h */,
				8412E7D51FDF6F7D008335AA /* NetWorkServices.m */,
			);
			path = NetWork;
			sourceTree = "<group>";
		};
		8412E7E01FDFD4D2008335AA /* UITextField */ = {
			isa = PBXGroup;
			children = (
				8445AE0C1FFB0FDF00D03060 /* AddSubtractNumber */,
				8412E7E11FDFD500008335AA /* SDYTextField.h */,
				8412E7E21FDFD500008335AA /* SDYTextField.m */,
			);
			path = UITextField;
			sourceTree = "<group>";
		};
		8412E7EB1FE10228008335AA /* LoginUser */ = {
			isa = PBXGroup;
			children = (
				8412E7EC1FE10247008335AA /* LoginUser.h */,
				8412E7ED1FE10247008335AA /* LoginUser.m */,
			);
			path = LoginUser;
			sourceTree = "<group>";
		};
		8412E7F61FE1F83D008335AA /* ProductModel */ = {
			isa = PBXGroup;
			children = (
				8412E7F71FE1F854008335AA /* ProductModle.h */,
				8412E7F81FE1F854008335AA /* ProductModle.m */,
			);
			path = ProductModel;
			sourceTree = "<group>";
		};
		8412E7FD1FE200B1008335AA /* ProductCategoryModel */ = {
			isa = PBXGroup;
			children = (
				8412E7FE1FE200CD008335AA /* ProductCategoryModel.h */,
				8412E7FF1FE200CD008335AA /* ProductCategoryModel.m */,
			);
			path = ProductCategoryModel;
			sourceTree = "<group>";
		};
		8412E8011FE21E75008335AA /* TableViewHeaderFootView */ = {
			isa = PBXGroup;
			children = (
				842E9D5C1FE9F4B600DC4211 /* ProductOrderCartTableFootView.h */,
				842E9D5D1FE9F4B600DC4211 /* ProductOrderCartTableFootView.m */,
				84BBD2091FF641AC008D57E4 /* PersonalFooterView.h */,
				84BBD20A1FF641AC008D57E4 /* PersonalFooterView.m */,
				84BBD20F1FF73857008D57E4 /* SDYCommodityLibraryOrderHeader.h */,
				84BBD2101FF73857008D57E4 /* SDYCommodityLibraryOrderHeader.m */,
			);
			path = TableViewHeaderFootView;
			sourceTree = "<group>";
		};
		8412E8051FE264AF008335AA /* ProductCollectionCell */ = {
			isa = PBXGroup;
			children = (
				842E9D7E1FEE3B0200DC4211 /* ProductCollectionCell.h */,
				842E9D7F1FEE3B0200DC4211 /* ProductCollectionCell.m */,
				842E9D801FEE3B0200DC4211 /* ProductCollectionCell.xib */,
			);
			path = ProductCollectionCell;
			sourceTree = "<group>";
		};
		8412E80D1FE280E7008335AA /* ProductDetailModel */ = {
			isa = PBXGroup;
			children = (
				8412E80E1FE280FF008335AA /* ProductDetailModel.h */,
				8412E80F1FE280FF008335AA /* ProductDetailModel.m */,
			);
			path = ProductDetailModel;
			sourceTree = "<group>";
		};
		8412E8171FE377BF008335AA /* ProductDetailView */ = {
			isa = PBXGroup;
			children = (
				8445AE061FFB050300D03060 /* SDYCommodityLibraryProductDetailView.h */,
				8445AE071FFB050300D03060 /* SDYCommodityLibraryProductDetailView.m */,
				848239A81FE7969500AF19B7 /* ProductDetailViewCollectionCell.h */,
				848239A91FE7969500AF19B7 /* ProductDetailViewCollectionCell.m */,
				848239AA1FE7969500AF19B7 /* ProductDetailViewCollectionCell.xib */,
				848239AD1FE799E700AF19B7 /* ProductDetailViewCollectionReusableView.h */,
				848239AE1FE799E700AF19B7 /* ProductDetailViewCollectionReusableView.m */,
				848239AF1FE799E700AF19B7 /* ProductDetailViewCollectionReusableView.xib */,
			);
			path = ProductDetailView;
			sourceTree = "<group>";
		};
		8413D48B1FFDC1CA0021D78F /* TableHeaderFooterView */ = {
			isa = PBXGroup;
			children = (
				8413D48C1FFDC25A0021D78F /* MyOrderAdvanceView.h */,
				8413D48D1FFDC25A0021D78F /* MyOrderAdvanceView.m */,
			);
			path = TableHeaderFooterView;
			sourceTree = "<group>";
		};
		8413D48F1FFE21FF0021D78F /* AccountMoneyModel */ = {
			isa = PBXGroup;
			children = (
				8413D4901FFE22560021D78F /* AccountMoneyModel.h */,
				8413D4911FFE22560021D78F /* AccountMoneyModel.m */,
			);
			path = AccountMoneyModel;
			sourceTree = "<group>";
		};
		8413D4931FFF15250021D78F /* AccountCell */ = {
			isa = PBXGroup;
			children = (
				8413D4941FFF15650021D78F /* SDYAccountCell.h */,
				8413D4951FFF15650021D78F /* SDYAccountCell.m */,
				8413D4961FFF15650021D78F /* SDYAccountCell.xib */,
			);
			path = AccountCell;
			sourceTree = "<group>";
		};
		8422D2E31FF37353009C8E03 /* HistoryRecordCell */ = {
			isa = PBXGroup;
			children = (
				84BBD1EB1FF382B7008D57E4 /* SDYHistoryRecordCell.h */,
				84BBD1EC1FF382B7008D57E4 /* SDYHistoryRecordCell.m */,
				84BBD1ED1FF382B7008D57E4 /* SDYHistoryRecordCell.xib */,
			);
			path = HistoryRecordCell;
			sourceTree = "<group>";
		};
		842E9D6A1FEB5CAD00DC4211 /* MyOrderListOrderModel */ = {
			isa = PBXGroup;
			children = (
				842E9D661FEB5C9D00DC4211 /* MyOrderOrderListModel.h */,
				842E9D671FEB5C9D00DC4211 /* MyOrderOrderListModel.m */,
			);
			path = MyOrderListOrderModel;
			sourceTree = "<group>";
		};
		842E9D6B1FEC90DB00DC4211 /* MyOrderListOrderCell */ = {
			isa = PBXGroup;
			children = (
				842E9D6C1FEC913300DC4211 /* MyOrderListOrderCell.h */,
				842E9D6D1FEC913300DC4211 /* MyOrderListOrderCell.m */,
				842E9D741FECD9EC00DC4211 /* MyOrderListOrderCell.xib */,
			);
			path = MyOrderListOrderCell;
			sourceTree = "<group>";
		};
		842E9D7D1FEE37A200DC4211 /* OrderListCell */ = {
			isa = PBXGroup;
			children = (
			);
			path = OrderListCell;
			sourceTree = "<group>";
		};
		8445AE001FF7873800D03060 /* AttributesCell */ = {
			isa = PBXGroup;
			children = (
				8445AE011FF7879900D03060 /* SDYProductDetailAttrivuteCell.h */,
				8445AE021FF7879900D03060 /* SDYProductDetailAttrivuteCell.m */,
			);
			path = AttributesCell;
			sourceTree = "<group>";
		};
		8445AE0C1FFB0FDF00D03060 /* AddSubtractNumber */ = {
			isa = PBXGroup;
			children = (
				8445AE0D1FFB103500D03060 /* SDYAddSubtractNumber.h */,
				8445AE0E1FFB103500D03060 /* SDYAddSubtractNumber.m */,
			);
			path = AddSubtractNumber;
			sourceTree = "<group>";
		};
		8458589B1FDCC9DD00ED0B98 = {
			isa = PBXGroup;
			children = (
				845858A61FDCC9DD00ED0B98 /* SDYHotel */,
				845858A51FDCC9DD00ED0B98 /* Products */,
				450D718E84760CC896821796 /* Pods */,
				6FE000BCF8E72FEE02E6AEC0 /* Frameworks */,
			);
			sourceTree = "<group>";
		};
		845858A51FDCC9DD00ED0B98 /* Products */ = {
			isa = PBXGroup;
			children = (
				845858A41FDCC9DD00ED0B98 /* SDYHotel.app */,
			);
			name = Products;
			sourceTree = "<group>";
		};
		845858A61FDCC9DD00ED0B98 /* SDYHotel */ = {
			isa = PBXGroup;
			children = (
				845858BF1FDCCA9300ED0B98 /* Services */,
				845858BE1FDCCA7D00ED0B98 /* Utils */,
				840E9F661FDD0A590027E1E2 /* Classes */,
				845858BD1FDCCA0700ED0B98 /* Supporting Files */,
			);
			path = SDYHotel;
			sourceTree = "<group>";
		};
		845858BD1FDCCA0700ED0B98 /* Supporting Files */ = {
			isa = PBXGroup;
			children = (
				845858A71FDCC9DD00ED0B98 /* AppDelegate.h */,
				845858A81FDCC9DD00ED0B98 /* AppDelegate.m */,
				8412E7C01FDE6777008335AA /* AppContext.h */,
				8412E7C11FDE6777008335AA /* AppContext.m */,
				845858AD1FDCC9DD00ED0B98 /* Main.storyboard */,
				845858B01FDCC9DD00ED0B98 /* Assets.xcassets */,
				845858B21FDCC9DD00ED0B98 /* LaunchScreen.storyboard */,
				845858B51FDCC9DD00ED0B98 /* Info.plist */,
				845858B61FDCC9DD00ED0B98 /* main.m */,
				840E9F3F1FDCD8990027E1E2 /* PrefixHeader.pch */,
			);
			path = "Supporting Files";
			sourceTree = "<group>";
		};
		845858BE1FDCCA7D00ED0B98 /* Utils */ = {
			isa = PBXGroup;
			children = (
				84DB2AD01FDD365F00D1F375 /* Defines */,
				840E9F651FDD086C0027E1E2 /* Categorys */,
				848239A41FE64CF000AF19B7 /* Functoin */,
			);
			path = Utils;
			sourceTree = "<group>";
		};
		845858BF1FDCCA9300ED0B98 /* Services */ = {
			isa = PBXGroup;
			children = (
				8412E7D31FDF6F4A008335AA /* NetWork */,
			);
			path = Services;
			sourceTree = "<group>";
		};
		845858C01FDCCB1300ED0B98 /* Models */ = {
			isa = PBXGroup;
			children = (
				8413D48F1FFE21FF0021D78F /* AccountMoneyModel */,
				84BBD1F01FF38454008D57E4 /* NSCodingModel */,
				848239B21FE8943300AF19B7 /* ProductShopCartModel */,
				8412E80D1FE280E7008335AA /* ProductDetailModel */,
				8412E7FD1FE200B1008335AA /* ProductCategoryModel */,
				8412E7F61FE1F83D008335AA /* ProductModel */,
				8412E7EB1FE10228008335AA /* LoginUser */,
				8412E7C41FDE697A008335AA /* TabbarViewConModel */,
				842E9D6A1FEB5CAD00DC4211 /* MyOrderListOrderModel */,
			);
			path = Models;
			sourceTree = "<group>";
		};
		845858C11FDCCB1B00ED0B98 /* Views */ = {
			isa = PBXGroup;
			children = (
				848239B81FE8E49500AF19B7 /* CustomView */,
				848239B71FE8E48100AF19B7 /* CollectionCell */,
				848239B61FE8E44400AF19B7 /* TableViewCell */,
				8412E8011FE21E75008335AA /* TableViewHeaderFootView */,
				8412E7E01FDFD4D2008335AA /* UITextField */,
			);
			path = Views;
			sourceTree = "<group>";
		};
		845858C21FDCCB2100ED0B98 /* Controllers */ = {
			isa = PBXGroup;
			children = (
				840E9F401FDCDC0A0027E1E2 /* Base */,
				840E9F411FDCDC3C0027E1E2 /* Home */,
				840E9F421FDCDD200027E1E2 /* Commodity Library */,
				840E9F431FDCDD300027E1E2 /* Record */,
				840E9F441FDCDD790027E1E2 /* My Order */,
				840E9F451FDCDDA70027E1E2 /* Money Center */,
				840E9F461FDCDDEE0027E1E2 /* Personal Center */,
				84BBD1FC1FF5CABA008D57E4 /* ShopCart */,
				8412E7CB1FDF5657008335AA /* Login */,
			);
			path = Controllers;
			sourceTree = "<group>";
		};
		8482399E1FE6199600AF19B7 /* ProdectLibraryOrderCell */ = {
			isa = PBXGroup;
			children = (
				8482399F1FE619EE00AF19B7 /* ProductLibraryOrderCell.h */,
				848239A01FE619EE00AF19B7 /* ProductLibraryOrderCell.m */,
			);
			path = ProdectLibraryOrderCell;
			sourceTree = "<group>";
		};
		848239A41FE64CF000AF19B7 /* Functoin */ = {
			isa = PBXGroup;
			children = (
				848239A51FE64D1E00AF19B7 /* Function.h */,
				848239A61FE64D1E00AF19B7 /* Function.m */,
			);
			path = Functoin;
			sourceTree = "<group>";
		};
		848239B21FE8943300AF19B7 /* ProductShopCartModel */ = {
			isa = PBXGroup;
			children = (
				848239B31FE894A500AF19B7 /* ProductShopCartModel.h */,
				848239B41FE894A500AF19B7 /* ProductShopCartModel.m */,
			);
			path = ProductShopCartModel;
			sourceTree = "<group>";
		};
		848239B61FE8E44400AF19B7 /* TableViewCell */ = {
			isa = PBXGroup;
			children = (
				8413D4931FFF15250021D78F /* AccountCell */,
				8445AE001FF7873800D03060 /* AttributesCell */,
				84BBD2031FF62A89008D57E4 /* PersonalCell */,
				842E9D7D1FEE37A200DC4211 /* OrderListCell */,
				842E9D6B1FEC90DB00DC4211 /* MyOrderListOrderCell */,
				8482399E1FE6199600AF19B7 /* ProdectLibraryOrderCell */,
			);
			path = TableViewCell;
			sourceTree = "<group>";
		};
		848239B71FE8E48100AF19B7 /* CollectionCell */ = {
			isa = PBXGroup;
			children = (
				84BBD1F81FF38E4F008D57E4 /* CollectionHeader */,
				8422D2E31FF37353009C8E03 /* HistoryRecordCell */,
				8412E8051FE264AF008335AA /* ProductCollectionCell */,
			);
			path = CollectionCell;
			sourceTree = "<group>";
		};
		848239B81FE8E49500AF19B7 /* CustomView */ = {
			isa = PBXGroup;
			children = (
				84DB2ACA1FDD28DB00D1F375 /* SDYTitleView.h */,
				84DB2ACB1FDD28DB00D1F375 /* SDYTitleView.m */,
				8413D48B1FFDC1CA0021D78F /* TableHeaderFooterView */,
				8412E8171FE377BF008335AA /* ProductDetailView */,
			);
			path = CustomView;
			sourceTree = "<group>";
		};
		84BBD1F01FF38454008D57E4 /* NSCodingModel */ = {
			isa = PBXGroup;
			children = (
				84BBD1F11FF3846A008D57E4 /* SDYCodingModel.h */,
				84BBD1F21FF3846A008D57E4 /* SDYCodingModel.m */,
			);
			path = NSCodingModel;
			sourceTree = "<group>";
		};
		84BBD1F81FF38E4F008D57E4 /* CollectionHeader */ = {
			isa = PBXGroup;
			children = (
				84BBD1F91FF38F17008D57E4 /* SDYHistoryRecordCollecitonHeader.h */,
				84BBD1FA1FF38F17008D57E4 /* SDYHistoryRecordCollecitonHeader.m */,
			);
			path = CollectionHeader;
			sourceTree = "<group>";
		};
		84BBD1FC1FF5CABA008D57E4 /* ShopCart */ = {
			isa = PBXGroup;
			children = (
				84BBD1FD1FF5CAFC008D57E4 /* SDYShopCartVC.h */,
				84BBD1FE1FF5CAFC008D57E4 /* SDYShopCartVC.m */,
			);
			path = ShopCart;
			sourceTree = "<group>";
		};
		84BBD2031FF62A89008D57E4 /* PersonalCell */ = {
			isa = PBXGroup;
			children = (
				84BBD2041FF62AB5008D57E4 /* SDYPersonalCell.h */,
				84BBD2051FF62AB5008D57E4 /* SDYPersonalCell.m */,
				84BBD2061FF62AB5008D57E4 /* SDYPersonalCell.xib */,
			);
			path = PersonalCell;
			sourceTree = "<group>";
		};
		84DB2AC31FDD0AB200D1F375 /* ViewModel */ = {
			isa = PBXGroup;
			children = (
				8412E7FA1FE1FBBC008335AA /* ViewModel.h */,
				8412E7FB1FE1FBBC008335AA /* ViewModel.m */,
			);
			path = ViewModel;
			sourceTree = "<group>";
		};
		84DB2AD01FDD365F00D1F375 /* Defines */ = {
			isa = PBXGroup;
			children = (
				84DB2AD31FDD36FF00D1F375 /* HeaderDefines.h */,
				84DB2AF61FDE2CC200D1F375 /* FunctionDefines.h */,
				8412E7D71FDF7617008335AA /* ConfigurationDefines.h */,
				8412E7D91FDFC0CA008335AA /* UrlParametersKey.h */,
				84BBD1F41FF388A0008D57E4 /* NSUserDefaultKey.h */,
				8412E7CF1FDF5AE7008335AA /* HelperFunction.h */,
				8412E7D01FDF5B09008335AA /* HelperFunction.m */,
				84DB2AF71FDE2D1800D1F375 /* NotificationNameDefines.h */,
			);
			path = Defines;
			sourceTree = "<group>";
		};
/* End PBXGroup section */

/* Begin PBXNativeTarget section */
		845858A31FDCC9DD00ED0B98 /* SDYHotel */ = {
			isa = PBXNativeTarget;
			buildConfigurationList = 845858BA1FDCC9DD00ED0B98 /* Build configuration list for PBXNativeTarget "SDYHotel" */;
			buildPhases = (
				2987831EFF0C7F099621D8FF /* [CP] Check Pods Manifest.lock */,
				845858A01FDCC9DD00ED0B98 /* Sources */,
				845858A11FDCC9DD00ED0B98 /* Frameworks */,
				845858A21FDCC9DD00ED0B98 /* Resources */,
				0AE91D52044801FA25798184 /* [CP] Embed Pods Frameworks */,
				A345BC3FAA3C388C41991B7D /* [CP] Copy Pods Resources */,
			);
			buildRules = (
			);
			dependencies = (
			);
			name = SDYHotel;
			productName = SDYHotel;
			productReference = 845858A41FDCC9DD00ED0B98 /* SDYHotel.app */;
			productType = "com.apple.product-type.application";
		};
/* End PBXNativeTarget section */

/* Begin PBXProject section */
		8458589C1FDCC9DD00ED0B98 /* Project object */ = {
			isa = PBXProject;
			attributes = {
				LastUpgradeCheck = 0910;
				ORGANIZATIONNAME = SanDaoYi;
				TargetAttributes = {
					845858A31FDCC9DD00ED0B98 = {
						CreatedOnToolsVersion = 9.1;
						ProvisioningStyle = Manual;
					};
				};
			};
			buildConfigurationList = 8458589F1FDCC9DD00ED0B98 /* Build configuration list for PBXProject "SDYHotel" */;
			compatibilityVersion = "Xcode 8.0";
			developmentRegion = en;
			hasScannedForEncodings = 0;
			knownRegions = (
				en,
				Base,
			);
			mainGroup = 8458589B1FDCC9DD00ED0B98;
			productRefGroup = 845858A51FDCC9DD00ED0B98 /* Products */;
			projectDirPath = "";
			projectRoot = "";
			targets = (
				845858A31FDCC9DD00ED0B98 /* SDYHotel */,
			);
		};
/* End PBXProject section */

/* Begin PBXResourcesBuildPhase section */
		845858A21FDCC9DD00ED0B98 /* Resources */ = {
			isa = PBXResourcesBuildPhase;
			buildActionMask = 2147483647;
			files = (
				84BBD2081FF62AB5008D57E4 /* SDYPersonalCell.xib in Resources */,
				848239AC1FE7969500AF19B7 /* ProductDetailViewCollectionCell.xib in Resources */,
				8413D4981FFF15650021D78F /* SDYAccountCell.xib in Resources */,
				84BBD1EF1FF382B7008D57E4 /* SDYHistoryRecordCell.xib in Resources */,
				845858B41FDCC9DD00ED0B98 /* LaunchScreen.storyboard in Resources */,
				842E9D751FECD9EC00DC4211 /* MyOrderListOrderCell.xib in Resources */,
				845858B11FDCC9DD00ED0B98 /* Assets.xcassets in Resources */,
				845858AF1FDCC9DD00ED0B98 /* Main.storyboard in Resources */,
				848239B11FE799E700AF19B7 /* ProductDetailViewCollectionReusableView.xib in Resources */,
				842E9D821FEE3B0200DC4211 /* ProductCollectionCell.xib in Resources */,
			);
			runOnlyForDeploymentPostprocessing = 0;
		};
/* End PBXResourcesBuildPhase section */

/* Begin PBXShellScriptBuildPhase section */
		0AE91D52044801FA25798184 /* [CP] Embed Pods Frameworks */ = {
			isa = PBXShellScriptBuildPhase;
			buildActionMask = 2147483647;
			files = (
			);
			inputPaths = (
			);
			name = "[CP] Embed Pods Frameworks";
			outputPaths = (
			);
			runOnlyForDeploymentPostprocessing = 0;
			shellPath = /bin/sh;
			shellScript = "\"${SRCROOT}/Pods/Target Support Files/Pods-SDYHotel/Pods-SDYHotel-frameworks.sh\"\n";
			showEnvVarsInLog = 0;
		};
		2987831EFF0C7F099621D8FF /* [CP] Check Pods Manifest.lock */ = {
			isa = PBXShellScriptBuildPhase;
			buildActionMask = 2147483647;
			files = (
			);
			inputPaths = (
				"${PODS_PODFILE_DIR_PATH}/Podfile.lock",
				"${PODS_ROOT}/Manifest.lock",
			);
			name = "[CP] Check Pods Manifest.lock";
			outputPaths = (
				"$(DERIVED_FILE_DIR)/Pods-SDYHotel-checkManifestLockResult.txt",
			);
			runOnlyForDeploymentPostprocessing = 0;
			shellPath = /bin/sh;
			shellScript = "diff \"${PODS_PODFILE_DIR_PATH}/Podfile.lock\" \"${PODS_ROOT}/Manifest.lock\" > /dev/null\nif [ $? != 0 ] ; then\n    # print error to STDERR\n    echo \"error: The sandbox is not in sync with the Podfile.lock. Run 'pod install' or update your CocoaPods installation.\" >&2\n    exit 1\nfi\n# This output is used by Xcode 'outputs' to avoid re-running this script phase.\necho \"SUCCESS\" > \"${SCRIPT_OUTPUT_FILE_0}\"\n";
			showEnvVarsInLog = 0;
		};
		A345BC3FAA3C388C41991B7D /* [CP] Copy Pods Resources */ = {
			isa = PBXShellScriptBuildPhase;
			buildActionMask = 2147483647;
			files = (
			);
			inputPaths = (
				"${SRCROOT}/Pods/Target Support Files/Pods-SDYHotel/Pods-SDYHotel-resources.sh",
				"${PODS_ROOT}/MJRefresh/MJRefresh/MJRefresh.bundle",
				"${PODS_ROOT}/SVProgressHUD/SVProgressHUD/SVProgressHUD.bundle",
			);
			name = "[CP] Copy Pods Resources";
			outputPaths = (
				"${TARGET_BUILD_DIR}/${UNLOCALIZED_RESOURCES_FOLDER_PATH}",
			);
			runOnlyForDeploymentPostprocessing = 0;
			shellPath = /bin/sh;
			shellScript = "\"${SRCROOT}/Pods/Target Support Files/Pods-SDYHotel/Pods-SDYHotel-resources.sh\"\n";
			showEnvVarsInLog = 0;
		};
/* End PBXShellScriptBuildPhase section */

/* Begin PBXSourcesBuildPhase section */
		845858A01FDCC9DD00ED0B98 /* Sources */ = {
			isa = PBXSourcesBuildPhase;
			buildActionMask = 2147483647;
			files = (
				84BBD2071FF62AB5008D57E4 /* SDYPersonalCell.m in Sources */,
				840E9F581FDCE07B0027E1E2 /* SDYRecordVC.m in Sources */,
				848239B51FE894A500AF19B7 /* ProductShopCartModel.m in Sources */,
				8412E8001FE200CD008335AA /* ProductCategoryModel.m in Sources */,
				8412E7CA1FDE998C008335AA /* UIButton+Category.m in Sources */,
				845858B71FDCC9DD00ED0B98 /* main.m in Sources */,
				8412E7D61FDF6F7D008335AA /* NetWorkServices.m in Sources */,
				840E9F611FDCE0B40027E1E2 /* SDYPersonalCenterVC.m in Sources */,
				84BBD1FF1FF5CAFC008D57E4 /* SDYShopCartVC.m in Sources */,
				840E9F491FDCDE7B0027E1E2 /* SDYBaseNavigationVC.m in Sources */,
				8412E7FC1FE1FBBC008335AA /* ViewModel.m in Sources */,
				8412E7EE1FE10247008335AA /* LoginUser.m in Sources */,
				8412E7F11FE1055D008335AA /* NSObject+Category.m in Sources */,
				84BBD1F31FF3846A008D57E4 /* SDYCodingModel.m in Sources */,
				8445AE0F1FFB103500D03060 /* SDYAddSubtractNumber.m in Sources */,
				84BBD1EE1FF382B7008D57E4 /* SDYHistoryRecordCell.m in Sources */,
				84BBD2111FF73857008D57E4 /* SDYCommodityLibraryOrderHeader.m in Sources */,
				8412E7D11FDF5B09008335AA /* HelperFunction.m in Sources */,
				842E9D681FEB5C9D00DC4211 /* MyOrderOrderListModel.m in Sources */,
				840E9F5B1FDCE08B0027E1E2 /* SDYMyOrderVC.m in Sources */,
				8413D48E1FFDC25A0021D78F /* MyOrderAdvanceView.m in Sources */,
				840E9F4C1FDCDE950027E1E2 /* SDYBaseVC.m in Sources */,
				8412E7E31FDFD500008335AA /* SDYTextField.m in Sources */,
				84DB2ACC1FDD28DB00D1F375 /* SDYTitleView.m in Sources */,
				8412E7C21FDE6777008335AA /* AppContext.m in Sources */,
				848239A71FE64D1E00AF19B7 /* Function.m in Sources */,
				8412E8101FE280FF008335AA /* ProductDetailModel.m in Sources */,
				8412E7C71FDE698C008335AA /* TabbarViewConModel.m in Sources */,
				8445AE081FFB050300D03060 /* SDYCommodityLibraryProductDetailView.m in Sources */,
				840E9F551FDCE0690027E1E2 /* SDYCommodityLibraryVC.m in Sources */,
				8413D48A1FFB21BD0021D78F /* UITextField+Category.m in Sources */,
				8412E7E61FE0B016008335AA /* UIView+Category.m in Sources */,
				842E9D6E1FEC913300DC4211 /* MyOrderListOrderCell.m in Sources */,
				840E9F5E1FDCE0A40027E1E2 /* SDYMoneyCenterVC.m in Sources */,
				848239AB1FE7969500AF19B7 /* ProductDetailViewCollectionCell.m in Sources */,
				840E9F521FDCE0260027E1E2 /* SDYHomeVC.m in Sources */,
				848239B01FE799E700AF19B7 /* ProductDetailViewCollectionReusableView.m in Sources */,
				84DB2ACF1FDD2A3A00D1F375 /* UILabel+Category.m in Sources */,
				845858A91FDCC9DD00ED0B98 /* AppDelegate.m in Sources */,
				84BBD20B1FF641AC008D57E4 /* PersonalFooterView.m in Sources */,
				8413D4971FFF15650021D78F /* SDYAccountCell.m in Sources */,
				842E9D5E1FE9F4B600DC4211 /* ProductOrderCartTableFootView.m in Sources */,
				842E9D811FEE3B0200DC4211 /* ProductCollectionCell.m in Sources */,
				84DB2AC91FDD234C00D1F375 /* UIColor+Category.m in Sources */,
				848239A21FE619EE00AF19B7 /* ProductLibraryOrderCell.m in Sources */,
				8412E7E91FE0D337008335AA /* UIViewController+Category.m in Sources */,
				8412E7F91FE1F854008335AA /* ProductModle.m in Sources */,
				8413D4921FFE22560021D78F /* AccountMoneyModel.m in Sources */,
				8412E7CE1FDF567E008335AA /* SDYLoginVC.m in Sources */,
				8412E7DC1FDFD11B008335AA /* UIImage+Category.m in Sources */,
				842E9E341FF1D7EB00DC4211 /* SDYSearchProductVC.m in Sources */,
				8445AE041FF7879900D03060 /* SDYProductDetailAttrivuteCell.m in Sources */,
				84BBD1FB1FF38F17008D57E4 /* SDYHistoryRecordCollecitonHeader.m in Sources */,
			);
			runOnlyForDeploymentPostprocessing = 0;
		};
/* End PBXSourcesBuildPhase section */

/* Begin PBXVariantGroup section */
		845858AD1FDCC9DD00ED0B98 /* Main.storyboard */ = {
			isa = PBXVariantGroup;
			children = (
				845858AE1FDCC9DD00ED0B98 /* Base */,
			);
			name = Main.storyboard;
			sourceTree = "<group>";
		};
		845858B21FDCC9DD00ED0B98 /* LaunchScreen.storyboard */ = {
			isa = PBXVariantGroup;
			children = (
				845858B31FDCC9DD00ED0B98 /* Base */,
			);
			name = LaunchScreen.storyboard;
			sourceTree = "<group>";
		};
/* End PBXVariantGroup section */

/* Begin XCBuildConfiguration section */
		845858B81FDCC9DD00ED0B98 /* Debug */ = {
			isa = XCBuildConfiguration;
			buildSettings = {
				ALWAYS_SEARCH_USER_PATHS = NO;
				CLANG_ANALYZER_NONNULL = YES;
				CLANG_ANALYZER_NUMBER_OBJECT_CONVERSION = YES_AGGRESSIVE;
				CLANG_CXX_LANGUAGE_STANDARD = "gnu++14";
				CLANG_CXX_LIBRARY = "libc++";
				CLANG_ENABLE_MODULES = YES;
				CLANG_ENABLE_OBJC_ARC = YES;
				CLANG_WARN_BLOCK_CAPTURE_AUTORELEASING = YES;
				CLANG_WARN_BOOL_CONVERSION = YES;
				CLANG_WARN_COMMA = YES;
				CLANG_WARN_CONSTANT_CONVERSION = YES;
				CLANG_WARN_DIRECT_OBJC_ISA_USAGE = YES_ERROR;
				CLANG_WARN_DOCUMENTATION_COMMENTS = YES;
				CLANG_WARN_EMPTY_BODY = YES;
				CLANG_WARN_ENUM_CONVERSION = YES;
				CLANG_WARN_INFINITE_RECURSION = YES;
				CLANG_WARN_INT_CONVERSION = YES;
				CLANG_WARN_NON_LITERAL_NULL_CONVERSION = YES;
				CLANG_WARN_OBJC_LITERAL_CONVERSION = YES;
				CLANG_WARN_OBJC_ROOT_CLASS = YES_ERROR;
				CLANG_WARN_RANGE_LOOP_ANALYSIS = YES;
				CLANG_WARN_STRICT_PROTOTYPES = YES;
				CLANG_WARN_SUSPICIOUS_MOVE = YES;
				CLANG_WARN_UNGUARDED_AVAILABILITY = YES_AGGRESSIVE;
				CLANG_WARN_UNREACHABLE_CODE = YES;
				CLANG_WARN__DUPLICATE_METHOD_MATCH = YES;
				CODE_SIGN_IDENTITY = "iPhone Distribution: Henan Sandao Information Technology Consulting Co., Ltd. (NZQBA6S5T3)";
				COPY_PHASE_STRIP = NO;
				DEBUG_INFORMATION_FORMAT = dwarf;
				ENABLE_STRICT_OBJC_MSGSEND = YES;
				ENABLE_TESTABILITY = YES;
				GCC_C_LANGUAGE_STANDARD = gnu11;
				GCC_DYNAMIC_NO_PIC = NO;
				GCC_NO_COMMON_BLOCKS = YES;
				GCC_OPTIMIZATION_LEVEL = 0;
				GCC_PREPROCESSOR_DEFINITIONS = (
					"DEBUG=1",
					"$(inherited)",
				);
				GCC_WARN_64_TO_32_BIT_CONVERSION = YES;
				GCC_WARN_ABOUT_RETURN_TYPE = YES_ERROR;
				GCC_WARN_UNDECLARED_SELECTOR = YES;
				GCC_WARN_UNINITIALIZED_AUTOS = YES_AGGRESSIVE;
				GCC_WARN_UNUSED_FUNCTION = YES;
				GCC_WARN_UNUSED_VARIABLE = YES;
				MTL_ENABLE_DEBUG_INFO = YES;
				ONLY_ACTIVE_ARCH = YES;
				SDKROOT = iphoneos;
			};
			name = Debug;
		};
		845858B91FDCC9DD00ED0B98 /* Release */ = {
			isa = XCBuildConfiguration;
			buildSettings = {
				ALWAYS_SEARCH_USER_PATHS = NO;
				CLANG_ANALYZER_NONNULL = YES;
				CLANG_ANALYZER_NUMBER_OBJECT_CONVERSION = YES_AGGRESSIVE;
				CLANG_CXX_LANGUAGE_STANDARD = "gnu++14";
				CLANG_CXX_LIBRARY = "libc++";
				CLANG_ENABLE_MODULES = YES;
				CLANG_ENABLE_OBJC_ARC = YES;
				CLANG_WARN_BLOCK_CAPTURE_AUTORELEASING = YES;
				CLANG_WARN_BOOL_CONVERSION = YES;
				CLANG_WARN_COMMA = YES;
				CLANG_WARN_CONSTANT_CONVERSION = YES;
				CLANG_WARN_DIRECT_OBJC_ISA_USAGE = YES_ERROR;
				CLANG_WARN_DOCUMENTATION_COMMENTS = YES;
				CLANG_WARN_EMPTY_BODY = YES;
				CLANG_WARN_ENUM_CONVERSION = YES;
				CLANG_WARN_INFINITE_RECURSION = YES;
				CLANG_WARN_INT_CONVERSION = YES;
				CLANG_WARN_NON_LITERAL_NULL_CONVERSION = YES;
				CLANG_WARN_OBJC_LITERAL_CONVERSION = YES;
				CLANG_WARN_OBJC_ROOT_CLASS = YES_ERROR;
				CLANG_WARN_RANGE_LOOP_ANALYSIS = YES;
				CLANG_WARN_STRICT_PROTOTYPES = YES;
				CLANG_WARN_SUSPICIOUS_MOVE = YES;
				CLANG_WARN_UNGUARDED_AVAILABILITY = YES_AGGRESSIVE;
				CLANG_WARN_UNREACHABLE_CODE = YES;
				CLANG_WARN__DUPLICATE_METHOD_MATCH = YES;
				CODE_SIGN_IDENTITY = "iPhone Distribution: Henan Sandao Information Technology Consulting Co., Ltd. (NZQBA6S5T3)";
				COPY_PHASE_STRIP = NO;
				DEBUG_INFORMATION_FORMAT = "dwarf-with-dsym";
				ENABLE_NS_ASSERTIONS = NO;
				ENABLE_STRICT_OBJC_MSGSEND = YES;
				GCC_C_LANGUAGE_STANDARD = gnu11;
				GCC_NO_COMMON_BLOCKS = YES;
				GCC_WARN_64_TO_32_BIT_CONVERSION = YES;
				GCC_WARN_ABOUT_RETURN_TYPE = YES_ERROR;
				GCC_WARN_UNDECLARED_SELECTOR = YES;
				GCC_WARN_UNINITIALIZED_AUTOS = YES_AGGRESSIVE;
				GCC_WARN_UNUSED_FUNCTION = YES;
				GCC_WARN_UNUSED_VARIABLE = YES;
				MTL_ENABLE_DEBUG_INFO = NO;
				SDKROOT = iphoneos;
				VALIDATE_PRODUCT = YES;
			};
			name = Release;
		};
		845858BB1FDCC9DD00ED0B98 /* Debug */ = {
			isa = XCBuildConfiguration;
			baseConfigurationReference = D53FC383B6D68FC78F7BC334 /* Pods-SDYHotel.debug.xcconfig */;
			buildSettings = {
				ASSETCATALOG_COMPILER_APPICON_NAME = AppIcon;
				CODE_SIGN_IDENTITY = "iPhone Distribution: Henan Sandao Information Technology Consulting Co., Ltd. (NZQBA6S5T3)";
				"CODE_SIGN_IDENTITY[sdk=iphoneos*]" = "iPhone Distribution: Henan Sandao Information Technology Consulting Co., Ltd. (NZQBA6S5T3)";
				CODE_SIGN_STYLE = Manual;
				DEVELOPMENT_TEAM = NZQBA6S5T3;
				GCC_PRECOMPILE_PREFIX_HEADER = YES;
				GCC_PREFIX_HEADER = "$(SRCROOT)/SDYHotel/Supporting Files/PrefixHeader.pch";
				INFOPLIST_FILE = "$(SRCROOT)/SDYHotel/Supporting Files/Info.plist";
				IPHONEOS_DEPLOYMENT_TARGET = 8.0;
				LD_RUNPATH_SEARCH_PATHS = "$(inherited) @executable_path/Frameworks";
				PRODUCT_BUNDLE_IDENTIFIER = com.3daoyi.ytgy;
				PRODUCT_NAME = "$(TARGET_NAME)";
				PROVISIONING_PROFILE = "7b90adcd-8462-4719-bc57-2691d13df5d8";
				PROVISIONING_PROFILE_SPECIFIER = YTGYDestribution;
				TARGETED_DEVICE_FAMILY = "1,2";
			};
			name = Debug;
		};
		845858BC1FDCC9DD00ED0B98 /* Release */ = {
			isa = XCBuildConfiguration;
			baseConfigurationReference = 8799F72FEB42FA8B14EF0486 /* Pods-SDYHotel.release.xcconfig */;
			buildSettings = {
				ASSETCATALOG_COMPILER_APPICON_NAME = AppIcon;
				CODE_SIGN_IDENTITY = "iPhone Distribution: Henan Sandao Information Technology Consulting Co., Ltd. (NZQBA6S5T3)";
				"CODE_SIGN_IDENTITY[sdk=iphoneos*]" = "iPhone Distribution: Henan Sandao Information Technology Consulting Co., Ltd. (NZQBA6S5T3)";
				CODE_SIGN_STYLE = Manual;
				DEVELOPMENT_TEAM = NZQBA6S5T3;
				GCC_PRECOMPILE_PREFIX_HEADER = YES;
				GCC_PREFIX_HEADER = "$(SRCROOT)/SDYHotel/Supporting Files/PrefixHeader.pch";
				INFOPLIST_FILE = "$(SRCROOT)/SDYHotel/Supporting Files/Info.plist";
				IPHONEOS_DEPLOYMENT_TARGET = 8.0;
				LD_RUNPATH_SEARCH_PATHS = "$(inherited) @executable_path/Frameworks";
				PRODUCT_BUNDLE_IDENTIFIER = com.3daoyi.ytgy;
				PRODUCT_NAME = "$(TARGET_NAME)";
				PROVISIONING_PROFILE = "7b90adcd-8462-4719-bc57-2691d13df5d8";
				PROVISIONING_PROFILE_SPECIFIER = YTGYDestribution;
				TARGETED_DEVICE_FAMILY = "1,2";
			};
			name = Release;
		};
/* End XCBuildConfiguration section */

/* Begin XCConfigurationList section */
		8458589F1FDCC9DD00ED0B98 /* Build configuration list for PBXProject "SDYHotel" */ = {
			isa = XCConfigurationList;
			buildConfigurations = (
				845858B81FDCC9DD00ED0B98 /* Debug */,
				845858B91FDCC9DD00ED0B98 /* Release */,
			);
			defaultConfigurationIsVisible = 0;
			defaultConfigurationName = Release;
		};
		845858BA1FDCC9DD00ED0B98 /* Build configuration list for PBXNativeTarget "SDYHotel" */ = {
			isa = XCConfigurationList;
			buildConfigurations = (
				845858BB1FDCC9DD00ED0B98 /* Debug */,
				845858BC1FDCC9DD00ED0B98 /* Release */,
			);
			defaultConfigurationIsVisible = 0;
			defaultConfigurationName = Release;
		};
/* End XCConfigurationList section */
	};
	rootObject = 8458589C1FDCC9DD00ED0B98 /* Project object */;
}
